
Microsoft Visual Studio Solution File, Format Version 12.00
# Visual Studio 15
Project("{FAE04EC0-301F-11D3-BF4B-00C04F79EFBC}") = "UnityEngine.TestRunner", "UnityEngine.TestRunner.csproj", "{13206A1C-6402-9F0F-52F1-9C95BDD49481}"
EndProject
Project("{FAE04EC0-301F-11D3-BF4B-00C04F79EFBC}") = "Unity.Mathematics", "Unity.Mathematics.csproj", "{BD633ECF-DA0D-A20E-DC95-6AC8A5FEBA1F}"
EndProject
Project("{FAE04EC0-301F-11D3-BF4B-00C04F79EFBC}") = "Unity.Timeline", "Unity.Timeline.csproj", "{681ED4EB-4A21-7B4A-DF12-83622D7E6508}"
EndProject
Project("{FAE04EC0-301F-11D3-BF4B-00C04F79EFBC}") = "UnityEngine.UI", "UnityEngine.UI.csproj", "{81C9F3A8-5B99-2E43-A511-1A728246F405}"
EndProject
Project("{FAE04EC0-301F-11D3-BF4B-00C04F79EFBC}") = "Unity.TextMeshPro", "Unity.TextMeshPro.csproj", "{AC106331-E431-1ECA-6670-CD9FBCF0FD0C}"
EndProject
Project("{FAE04EC0-301F-11D3-BF4B-00C04F79EFBC}") = "Unity.2D.Animation.Runtime", "Unity.2D.Animation.Runtime.csproj", "{7E6688D0-1C01-E5BA-B3FD-E9887DBF25DB}"
EndProject
Project("{FAE04EC0-301F-11D3-BF4B-00C04F79EFBC}") = "Unity.2D.IK.Runtime", "Unity.2D.IK.Runtime.csproj", "{9BCB443A-7C7E-9210-DDA9-76694A0E7A0A}"
EndProject
Project("{FAE04EC0-301F-11D3-BF4B-00C04F79EFBC}") = "Unity.2D.SpriteShape.Runtime", "Unity.2D.SpriteShape.Runtime.csproj", "{79DE4CF6-63BD-5324-9F32-398E762B7008}"
EndProject
Project("{FAE04EC0-301F-11D3-BF4B-00C04F79EFBC}") = "Unity.2D.PixelPerfect", "Unity.2D.PixelPerfect.csproj", "{2BFA25CB-D9B2-21AE-85E9-1AAB3E1DCD41}"
EndProject
Project("{FAE04EC0-301F-11D3-BF4B-00C04F79EFBC}") = "Unity.2D.Common.Runtime", "Unity.2D.Common.Runtime.csproj", "{B666FF75-1BAE-BBD7-27CD-7EE897B35A24}"
EndProject
Project("{FAE04EC0-301F-11D3-BF4B-00C04F79EFBC}") = "Assembly-CSharp", "Assembly-CSharp.csproj", "{80C0B2A4-B4D8-AC96-2B70-601F8825467A}"
EndProject
Project("{FAE04EC0-301F-11D3-BF4B-00C04F79EFBC}") = "Unity.InternalAPIEngineBridge.001", "Unity.InternalAPIEngineBridge.001.csproj", "{84E3E4B3-E8E4-5E70-57BA-9E0A5EE3555C}"
EndProject
Project("{FAE04EC0-301F-11D3-BF4B-00C04F79EFBC}") = "UnityEditor.TestRunner", "UnityEditor.TestRunner.csproj", "{4CEC6AFE-0EB1-47BD-251C-7276D1E13716}"
EndProject
Project("{FAE04EC0-301F-11D3-BF4B-00C04F79EFBC}") = "Unity.PlasticSCM.Editor", "Unity.PlasticSCM.Editor.csproj", "{1CB796A1-7084-0FEB-09EC-A61CC65D6240}"
EndProject
Project("{FAE04EC0-301F-11D3-BF4B-00C04F79EFBC}") = "Unity.2D.Animation.Triangle.Editor", "Unity.2D.Animation.Triangle.Editor.csproj", "{690BFACF-B1BE-B6C0-645D-F484F6122581}"
EndProject
Project("{FAE04EC0-301F-11D3-BF4B-00C04F79EFBC}") = "UnityEditor.UI", "UnityEditor.UI.csproj", "{948D4861-0119-6681-121D-BFBEBBA5938C}"
EndProject
Project("{FAE04EC0-301F-11D3-BF4B-00C04F79EFBC}") = "Unity.Services.Core.Editor", "Unity.Services.Core.Editor.csproj", "{FD57B39E-FB7E-ECE2-D39F-DFCC96DBF105}"
EndProject
Project("{FAE04EC0-301F-11D3-BF4B-00C04F79EFBC}") = "Unity.Timeline.Editor", "Unity.Timeline.Editor.csproj", "{C3304E7C-A75A-5121-BB16-146629FAFC32}"
EndProject
Project("{FAE04EC0-301F-11D3-BF4B-00C04F79EFBC}") = "Unity.VisualStudio.Editor", "Unity.VisualStudio.Editor.csproj", "{15FAEDCF-73E1-B646-39E5-25A2B83349FC}"
EndProject
Project("{FAE04EC0-301F-11D3-BF4B-00C04F79EFBC}") = "Unity.2D.Psdimporter.Editor", "Unity.2D.Psdimporter.Editor.csproj", "{EDE6F35C-4EDC-3E56-B184-8EB4B1439E0E}"
EndProject
Project("{FAE04EC0-301F-11D3-BF4B-00C04F79EFBC}") = "Unity.2D.Animation.Editor", "Unity.2D.Animation.Editor.csproj", "{2F500051-DE3C-5FC5-A7C1-2C22F72E5E81}"
EndProject
Project("{FAE04EC0-301F-11D3-BF4B-00C04F79EFBC}") = "Unity.TextMeshPro.Editor", "Unity.TextMeshPro.Editor.csproj", "{BD9A4A8C-95D7-717C-7A27-EAB0E1E994C6}"
EndProject
Project("{FAE04EC0-301F-11D3-BF4B-00C04F79EFBC}") = "Unity.2D.SpriteShape.Editor", "Unity.2D.SpriteShape.Editor.csproj", "{663302BD-0D00-17AC-CD85-7FF5E6CB8A33}"
EndProject
Project("{FAE04EC0-301F-11D3-BF4B-00C04F79EFBC}") = "Unity.CollabProxy.Editor", "Unity.CollabProxy.Editor.csproj", "{B7ECA7F8-54D0-9242-8810-2CD719EEA927}"
EndProject
Project("{FAE04EC0-301F-11D3-BF4B-00C04F79EFBC}") = "PsdPlugin", "PsdPlugin.csproj", "{47741FA2-A2F6-80ED-809C-89FE4E361566}"
EndProject
Project("{FAE04EC0-301F-11D3-BF4B-00C04F79EFBC}") = "Unity.2D.Path.Editor", "Unity.2D.Path.Editor.csproj", "{9A03AAA9-5625-C0A2-4780-C55AC82BDC5D}"
EndProject
Project("{FAE04EC0-301F-11D3-BF4B-00C04F79EFBC}") = "Unity.Rider.Editor", "Unity.Rider.Editor.csproj", "{3CFE5E41-67EA-BB76-C9E1-CB032F2CA3CE}"
EndProject
Project("{FAE04EC0-301F-11D3-BF4B-00C04F79EFBC}") = "Unity.2D.IK.Editor", "Unity.2D.IK.Editor.csproj", "{955B6CAD-B790-1F55-1B4D-43454FF2CD16}"
EndProject
Project("{FAE04EC0-301F-11D3-BF4B-00C04F79EFBC}") = "Unity.2D.Sprite.Editor", "Unity.2D.Sprite.Editor.csproj", "{FAF5A72B-6554-8F42-91D2-106F88100883}"
EndProject
Project("{FAE04EC0-301F-11D3-BF4B-00C04F79EFBC}") = "Unity.2D.Tilemap.Editor", "Unity.2D.Tilemap.Editor.csproj", "{3F428C65-4CE0-AED8-F7AC-68812BAE8678}"
EndProject
Project("{FAE04EC0-301F-11D3-BF4B-00C04F79EFBC}") = "Unity.2D.PixelPerfect.Editor", "Unity.2D.PixelPerfect.Editor.csproj", "{64268724-7058-37DB-78D2-EE6384D480CA}"
EndProject
Project("{FAE04EC0-301F-11D3-BF4B-00C04F79EFBC}") = "Unity.VSCode.Editor", "Unity.VSCode.Editor.csproj", "{757FA302-A1C3-F677-6CB8-1C5435D9E0C1}"
EndProject
Project("{FAE04EC0-301F-11D3-BF4B-00C04F79EFBC}") = "Unity.2D.Common.Editor", "Unity.2D.Common.Editor.csproj", "{C6A13228-F9FC-A8D9-125D-5719981D7798}"
EndProject
Project("{FAE04EC0-301F-11D3-BF4B-00C04F79EFBC}") = "Unity.Mathematics.Editor", "Unity.Mathematics.Editor.csproj", "{7CCD5364-6636-C2D9-286E-199EB0471FC6}"
EndProject
Project("{FAE04EC0-301F-11D3-BF4B-00C04F79EFBC}") = "Unity.InternalAPIEditorBridge.001", "Unity.InternalAPIEditorBridge.001.csproj", "{7776C056-4B15-D0D9-37E5-9CAF3F8CA69C}"
EndProject
Project("{FAE04EC0-301F-11D3-BF4B-00C04F79EFBC}") = "UnityEngine.TestRunner", "UnityEngine.TestRunner.Player.csproj", "{CEC919AB-6AD2-14DA-D373-AA1A13AFE296}"
EndProject
Project("{FAE04EC0-301F-11D3-BF4B-00C04F79EFBC}") = "Unity.Mathematics", "Unity.Mathematics.Player.csproj", "{70594FB7-91DD-973E-C51E-376D041B984D}"
EndProject
Project("{FAE04EC0-301F-11D3-BF4B-00C04F79EFBC}") = "Unity.Timeline", "Unity.Timeline.Player.csproj", "{A96A8857-D000-542F-078E-7E693026B6DE}"
EndProject
Project("{FAE04EC0-301F-11D3-BF4B-00C04F79EFBC}") = "UnityEngine.UI", "UnityEngine.UI.Player.csproj", "{C600F2C2-066C-2B8E-806E-1F4C3399B3BC}"
EndProject
Project("{FAE04EC0-301F-11D3-BF4B-00C04F79EFBC}") = "Unity.TextMeshPro", "Unity.TextMeshPro.Player.csproj", "{594B4DBE-EA6F-4DA8-0FBE-395E9127F829}"
EndProject
Project("{FAE04EC0-301F-11D3-BF4B-00C04F79EFBC}") = "Unity.2D.Animation.Runtime", "Unity.2D.Animation.Runtime.Player.csproj", "{91E88278-5954-346D-9FA2-BCB9A0FCD798}"
EndProject
Project("{FAE04EC0-301F-11D3-BF4B-00C04F79EFBC}") = "Unity.2D.IK.Runtime", "Unity.2D.IK.Runtime.Player.csproj", "{FDFD465F-E8FF-F516-5D32-5FD9A4592B88}"
EndProject
Project("{FAE04EC0-301F-11D3-BF4B-00C04F79EFBC}") = "Unity.2D.SpriteShape.Runtime", "Unity.2D.SpriteShape.Runtime.Player.csproj", "{2E46B35A-377C-FE1C-AC95-75224D78231A}"
EndProject
Project("{FAE04EC0-301F-11D3-BF4B-00C04F79EFBC}") = "Unity.2D.PixelPerfect", "Unity.2D.PixelPerfect.Player.csproj", "{112D15BF-2424-C500-BE96-6A46F449674A}"
EndProject
Project("{FAE04EC0-301F-11D3-BF4B-00C04F79EFBC}") = "Unity.2D.Common.Runtime", "Unity.2D.Common.Runtime.Player.csproj", "{632755CD-3AF7-B3D4-2D36-5FFBFBF11D0B}"
EndProject
Project("{FAE04EC0-301F-11D3-BF4B-00C04F79EFBC}") = "Assembly-CSharp", "Assembly-CSharp.Player.csproj", "{30633F5F-B87E-4A53-6360-5990CB83A446}"
EndProject
Project("{FAE04EC0-301F-11D3-BF4B-00C04F79EFBC}") = "Unity.InternalAPIEngineBridge.001", "Unity.InternalAPIEngineBridge.001.Player.csproj", "{87454ACA-E007-9A8A-0BD7-9D41A04119AB}"
EndProject
Global
	GlobalSection(SolutionConfigurationPlatforms) = preSolution
		Debug|Any CPU = Debug|Any CPU
		Release|Any CPU = Release|Any CPU
	EndGlobalSection
	GlobalSection(ProjectConfigurationPlatforms) = postSolution
		{13206A1C-6402-9F0F-52F1-9C95BDD49481}.Debug|Any CPU.ActiveCfg = Debug|Any CPU
		{13206A1C-6402-9F0F-52F1-9C95BDD49481}.Debug|Any CPU.Build.0 = Debug|Any CPU
		{13206A1C-6402-9F0F-52F1-9C95BDD49481}.Release|Any CPU.ActiveCfg = Release|Any CPU
		{13206A1C-6402-9F0F-52F1-9C95BDD49481}.Release|Any CPU.Build.0 = Release|Any CPU
		{BD633ECF-DA0D-A20E-DC95-6AC8A5FEBA1F}.Debug|Any CPU.ActiveCfg = Debug|Any CPU
		{BD633ECF-DA0D-A20E-DC95-6AC8A5FEBA1F}.Debug|Any CPU.Build.0 = Debug|Any CPU
		{BD633ECF-DA0D-A20E-DC95-6AC8A5FEBA1F}.Release|Any CPU.ActiveCfg = Release|Any CPU
		{BD633ECF-DA0D-A20E-DC95-6AC8A5FEBA1F}.Release|Any CPU.Build.0 = Release|Any CPU
		{681ED4EB-4A21-7B4A-DF12-83622D7E6508}.Debug|Any CPU.ActiveCfg = Debug|Any CPU
		{681ED4EB-4A21-7B4A-DF12-83622D7E6508}.Debug|Any CPU.Build.0 = Debug|Any CPU
		{681ED4EB-4A21-7B4A-DF12-83622D7E6508}.Release|Any CPU.ActiveCfg = Release|Any CPU
		{681ED4EB-4A21-7B4A-DF12-83622D7E6508}.Release|Any CPU.Build.0 = Release|Any CPU
		{81C9F3A8-5B99-2E43-A511-1A728246F405}.Debug|Any CPU.ActiveCfg = Debug|Any CPU
		{81C9F3A8-5B99-2E43-A511-1A728246F405}.Debug|Any CPU.Build.0 = Debug|Any CPU
		{81C9F3A8-5B99-2E43-A511-1A728246F405}.Release|Any CPU.ActiveCfg = Release|Any CPU
		{81C9F3A8-5B99-2E43-A511-1A728246F405}.Release|Any CPU.Build.0 = Release|Any CPU
		{AC106331-E431-1ECA-6670-CD9FBCF0FD0C}.Debug|Any CPU.ActiveCfg = Debug|Any CPU
		{AC106331-E431-1ECA-6670-CD9FBCF0FD0C}.Debug|Any CPU.Build.0 = Debug|Any CPU
		{AC106331-E431-1ECA-6670-CD9FBCF0FD0C}.Release|Any CPU.ActiveCfg = Release|Any CPU
		{AC106331-E431-1ECA-6670-CD9FBCF0FD0C}.Release|Any CPU.Build.0 = Release|Any CPU
		{7E6688D0-1C01-E5BA-B3FD-E9887DBF25DB}.Debug|Any CPU.ActiveCfg = Debug|Any CPU
		{7E6688D0-1C01-E5BA-B3FD-E9887DBF25DB}.Debug|Any CPU.Build.0 = Debug|Any CPU
		{7E6688D0-1C01-E5BA-B3FD-E9887DBF25DB}.Release|Any CPU.ActiveCfg = Release|Any CPU
		{7E6688D0-1C01-E5BA-B3FD-E9887DBF25DB}.Release|Any CPU.Build.0 = Release|Any CPU
		{9BCB443A-7C7E-9210-DDA9-76694A0E7A0A}.Debug|Any CPU.ActiveCfg = Debug|Any CPU
		{9BCB443A-7C7E-9210-DDA9-76694A0E7A0A}.Debug|Any CPU.Build.0 = Debug|Any CPU
		{9BCB443A-7C7E-9210-DDA9-76694A0E7A0A}.Release|Any CPU.ActiveCfg = Release|Any CPU
		{9BCB443A-7C7E-9210-DDA9-76694A0E7A0A}.Release|Any CPU.Build.0 = Release|Any CPU
		{79DE4CF6-63BD-5324-9F32-398E762B7008}.Debug|Any CPU.ActiveCfg = Debug|Any CPU
		{79DE4CF6-63BD-5324-9F32-398E762B7008}.Debug|Any CPU.Build.0 = Debug|Any CPU
		{79DE4CF6-63BD-5324-9F32-398E762B7008}.Release|Any CPU.ActiveCfg = Release|Any CPU
		{79DE4CF6-63BD-5324-9F32-398E762B7008}.Release|Any CPU.Build.0 = Release|Any CPU
		{2BFA25CB-D9B2-21AE-85E9-1AAB3E1DCD41}.Debug|Any CPU.ActiveCfg = Debug|Any CPU
		{2BFA25CB-D9B2-21AE-85E9-1AAB3E1DCD41}.Debug|Any CPU.Build.0 = Debug|Any CPU
		{2BFA25CB-D9B2-21AE-85E9-1AAB3E1DCD41}.Release|Any CPU.ActiveCfg = Release|Any CPU
		{2BFA25CB-D9B2-21AE-85E9-1AAB3E1DCD41}.Release|Any CPU.Build.0 = Release|Any CPU
		{B666FF75-1BAE-BBD7-27CD-7EE897B35A24}.Debug|Any CPU.ActiveCfg = Debug|Any CPU
		{B666FF75-1BAE-BBD7-27CD-7EE897B35A24}.Debug|Any CPU.Build.0 = Debug|Any CPU
		{B666FF75-1BAE-BBD7-27CD-7EE897B35A24}.Release|Any CPU.ActiveCfg = Release|Any CPU
		{B666FF75-1BAE-BBD7-27CD-7EE897B35A24}.Release|Any CPU.Build.0 = Release|Any CPU
		{80C0B2A4-B4D8-AC96-2B70-601F8825467A}.Debug|Any CPU.ActiveCfg = Debug|Any CPU
		{80C0B2A4-B4D8-AC96-2B70-601F8825467A}.Debug|Any CPU.Build.0 = Debug|Any CPU
		{80C0B2A4-B4D8-AC96-2B70-601F8825467A}.Release|Any CPU.ActiveCfg = Release|Any CPU
		{80C0B2A4-B4D8-AC96-2B70-601F8825467A}.Release|Any CPU.Build.0 = Release|Any CPU
		{84E3E4B3-E8E4-5E70-57BA-9E0A5EE3555C}.Debug|Any CPU.ActiveCfg = Debug|Any CPU
		{84E3E4B3-E8E4-5E70-57BA-9E0A5EE3555C}.Debug|Any CPU.Build.0 = Debug|Any CPU
		{84E3E4B3-E8E4-5E70-57BA-9E0A5EE3555C}.Release|Any CPU.ActiveCfg = Release|Any CPU
		{84E3E4B3-E8E4-5E70-57BA-9E0A5EE3555C}.Release|Any CPU.Build.0 = Release|Any CPU
		{4CEC6AFE-0EB1-47BD-251C-7276D1E13716}.Debug|Any CPU.ActiveCfg = Debug|Any CPU
		{4CEC6AFE-0EB1-47BD-251C-7276D1E13716}.Debug|Any CPU.Build.0 = Debug|Any CPU
		{4CEC6AFE-0EB1-47BD-251C-7276D1E13716}.Release|Any CPU.ActiveCfg = Release|Any CPU
		{4CEC6AFE-0EB1-47BD-251C-7276D1E13716}.Release|Any CPU.Build.0 = Release|Any CPU
		{1CB796A1-7084-0FEB-09EC-A61CC65D6240}.Debug|Any CPU.ActiveCfg = Debug|Any CPU
		{1CB796A1-7084-0FEB-09EC-A61CC65D6240}.Debug|Any CPU.Build.0 = Debug|Any CPU
		{1CB796A1-7084-0FEB-09EC-A61CC65D6240}.Release|Any CPU.ActiveCfg = Release|Any CPU
		{1CB796A1-7084-0FEB-09EC-A61CC65D6240}.Release|Any CPU.Build.0 = Release|Any CPU
		{690BFACF-B1BE-B6C0-645D-F484F6122581}.Debug|Any CPU.ActiveCfg = Debug|Any CPU
		{690BFACF-B1BE-B6C0-645D-F484F6122581}.Debug|Any CPU.Build.0 = Debug|Any CPU
		{690BFACF-B1BE-B6C0-645D-F484F6122581}.Release|Any CPU.ActiveCfg = Release|Any CPU
		{690BFACF-B1BE-B6C0-645D-F484F6122581}.Release|Any CPU.Build.0 = Release|Any CPU
		{948D4861-0119-6681-121D-BFBEBBA5938C}.Debug|Any CPU.ActiveCfg = Debug|Any CPU
		{948D4861-0119-6681-121D-BFBEBBA5938C}.Debug|Any CPU.Build.0 = Debug|Any CPU
		{948D4861-0119-6681-121D-BFBEBBA5938C}.Release|Any CPU.ActiveCfg = Release|Any CPU
		{948D4861-0119-6681-121D-BFBEBBA5938C}.Release|Any CPU.Build.0 = Release|Any CPU
		{FD57B39E-FB7E-ECE2-D39F-DFCC96DBF105}.Debug|Any CPU.ActiveCfg = Debug|Any CPU
		{FD57B39E-FB7E-ECE2-D39F-DFCC96DBF105}.Debug|Any CPU.Build.0 = Debug|Any CPU
		{FD57B39E-FB7E-ECE2-D39F-DFCC96DBF105}.Release|Any CPU.ActiveCfg = Release|Any CPU
		{FD57B39E-FB7E-ECE2-D39F-DFCC96DBF105}.Release|Any CPU.Build.0 = Release|Any CPU
		{C3304E7C-A75A-5121-BB16-146629FAFC32}.Debug|Any CPU.ActiveCfg = Debug|Any CPU
		{C3304E7C-A75A-5121-BB16-146629FAFC32}.Debug|Any CPU.Build.0 = Debug|Any CPU
		{C3304E7C-A75A-5121-BB16-146629FAFC32}.Release|Any CPU.ActiveCfg = Release|Any CPU
		{C3304E7C-A75A-5121-BB16-146629FAFC32}.Release|Any CPU.Build.0 = Release|Any CPU
		{15FAEDCF-73E1-B646-39E5-25A2B83349FC}.Debug|Any CPU.ActiveCfg = Debug|Any CPU
		{15FAEDCF-73E1-B646-39E5-25A2B83349FC}.Debug|Any CPU.Build.0 = Debug|Any CPU
		{15FAEDCF-73E1-B646-39E5-25A2B83349FC}.Release|Any CPU.ActiveCfg = Release|Any CPU
		{15FAEDCF-73E1-B646-39E5-25A2B83349FC}.Release|Any CPU.Build.0 = Release|Any CPU
		{EDE6F35C-4EDC-3E56-B184-8EB4B1439E0E}.Debug|Any CPU.ActiveCfg = Debug|Any CPU
		{EDE6F35C-4EDC-3E56-B184-8EB4B1439E0E}.Debug|Any CPU.Build.0 = Debug|Any CPU
		{EDE6F35C-4EDC-3E56-B184-8EB4B1439E0E}.Release|Any CPU.ActiveCfg = Release|Any CPU
		{EDE6F35C-4EDC-3E56-B184-8EB4B1439E0E}.Release|Any CPU.Build.0 = Release|Any CPU
		{2F500051-DE3C-5FC5-A7C1-2C22F72E5E81}.Debug|Any CPU.ActiveCfg = Debug|Any CPU
		{2F500051-DE3C-5FC5-A7C1-2C22F72E5E81}.Debug|Any CPU.Build.0 = Debug|Any CPU
		{2F500051-DE3C-5FC5-A7C1-2C22F72E5E81}.Release|Any CPU.ActiveCfg = Release|Any CPU
		{2F500051-DE3C-5FC5-A7C1-2C22F72E5E81}.Release|Any CPU.Build.0 = Release|Any CPU
		{BD9A4A8C-95D7-717C-7A27-EAB0E1E994C6}.Debug|Any CPU.ActiveCfg = Debug|Any CPU
		{BD9A4A8C-95D7-717C-7A27-EAB0E1E994C6}.Debug|Any CPU.Build.0 = Debug|Any CPU
		{BD9A4A8C-95D7-717C-7A27-EAB0E1E994C6}.Release|Any CPU.ActiveCfg = Release|Any CPU
		{BD9A4A8C-95D7-717C-7A27-EAB0E1E994C6}.Release|Any CPU.Build.0 = Release|Any CPU
		{663302BD-0D00-17AC-CD85-7FF5E6CB8A33}.Debug|Any CPU.ActiveCfg = Debug|Any CPU
		{663302BD-0D00-17AC-CD85-7FF5E6CB8A33}.Debug|Any CPU.Build.0 = Debug|Any CPU
		{663302BD-0D00-17AC-CD85-7FF5E6CB8A33}.Release|Any CPU.ActiveCfg = Release|Any CPU
		{663302BD-0D00-17AC-CD85-7FF5E6CB8A33}.Release|Any CPU.Build.0 = Release|Any CPU
		{B7ECA7F8-54D0-9242-8810-2CD719EEA927}.Debug|Any CPU.ActiveCfg = Debug|Any CPU
		{B7ECA7F8-54D0-9242-8810-2CD719EEA927}.Debug|Any CPU.Build.0 = Debug|Any CPU
		{B7ECA7F8-54D0-9242-8810-2CD719EEA927}.Release|Any CPU.ActiveCfg = Release|Any CPU
		{B7ECA7F8-54D0-9242-8810-2CD719EEA927}.Release|Any CPU.Build.0 = Release|Any CPU
		{47741FA2-A2F6-80ED-809C-89FE4E361566}.Debug|Any CPU.ActiveCfg = Debug|Any CPU
		{47741FA2-A2F6-80ED-809C-89FE4E361566}.Debug|Any CPU.Build.0 = Debug|Any CPU
		{47741FA2-A2F6-80ED-809C-89FE4E361566}.Release|Any CPU.ActiveCfg = Release|Any CPU
		{47741FA2-A2F6-80ED-809C-89FE4E361566}.Release|Any CPU.Build.0 = Release|Any CPU
		{9A03AAA9-5625-C0A2-4780-C55AC82BDC5D}.Debug|Any CPU.ActiveCfg = Debug|Any CPU
		{9A03AAA9-5625-C0A2-4780-C55AC82BDC5D}.Debug|Any CPU.Build.0 = Debug|Any CPU
		{9A03AAA9-5625-C0A2-4780-C55AC82BDC5D}.Release|Any CPU.ActiveCfg = Release|Any CPU
		{9A03AAA9-5625-C0A2-4780-C55AC82BDC5D}.Release|Any CPU.Build.0 = Release|Any CPU
		{3CFE5E41-67EA-BB76-C9E1-CB032F2CA3CE}.Debug|Any CPU.ActiveCfg = Debug|Any CPU
		{3CFE5E41-67EA-BB76-C9E1-CB032F2CA3CE}.Debug|Any CPU.Build.0 = Debug|Any CPU
		{3CFE5E41-67EA-BB76-C9E1-CB032F2CA3CE}.Release|Any CPU.ActiveCfg = Release|Any CPU
		{3CFE5E41-67EA-BB76-C9E1-CB032F2CA3CE}.Release|Any CPU.Build.0 = Release|Any CPU
		{955B6CAD-B790-1F55-1B4D-43454FF2CD16}.Debug|Any CPU.ActiveCfg = Debug|Any CPU
		{955B6CAD-B790-1F55-1B4D-43454FF2CD16}.Debug|Any CPU.Build.0 = Debug|Any CPU
		{955B6CAD-B790-1F55-1B4D-43454FF2CD16}.Release|Any CPU.ActiveCfg = Release|Any CPU
		{955B6CAD-B790-1F55-1B4D-43454FF2CD16}.Release|Any CPU.Build.0 = Release|Any CPU
		{FAF5A72B-6554-8F42-91D2-106F88100883}.Debug|Any CPU.ActiveCfg = Debug|Any CPU
		{FAF5A72B-6554-8F42-91D2-106F88100883}.Debug|Any CPU.Build.0 = Debug|Any CPU
		{FAF5A72B-6554-8F42-91D2-106F88100883}.Release|Any CPU.ActiveCfg = Release|Any CPU
		{FAF5A72B-6554-8F42-91D2-106F88100883}.Release|Any CPU.Build.0 = Release|Any CPU
		{3F428C65-4CE0-AED8-F7AC-68812BAE8678}.Debug|Any CPU.ActiveCfg = Debug|Any CPU
		{3F428C65-4CE0-AED8-F7AC-68812BAE8678}.Debug|Any CPU.Build.0 = Debug|Any CPU
		{3F428C65-4CE0-AED8-F7AC-68812BAE8678}.Release|Any CPU.ActiveCfg = Release|Any CPU
		{3F428C65-4CE0-AED8-F7AC-68812BAE8678}.Release|Any CPU.Build.0 = Release|Any CPU
		{64268724-7058-37DB-78D2-EE6384D480CA}.Debug|Any CPU.ActiveCfg = Debug|Any CPU
		{64268724-7058-37DB-78D2-EE6384D480CA}.Debug|Any CPU.Build.0 = Debug|Any CPU
		{64268724-7058-37DB-78D2-EE6384D480CA}.Release|Any CPU.ActiveCfg = Release|Any CPU
		{64268724-7058-37DB-78D2-EE6384D480CA}.Release|Any CPU.Build.0 = Release|Any CPU
		{757FA302-A1C3-F677-6CB8-1C5435D9E0C1}.Debug|Any CPU.ActiveCfg = Debug|Any CPU
		{757FA302-A1C3-F677-6CB8-1C5435D9E0C1}.Debug|Any CPU.Build.0 = Debug|Any CPU
		{757FA302-A1C3-F677-6CB8-1C5435D9E0C1}.Release|Any CPU.ActiveCfg = Release|Any CPU
		{757FA302-A1C3-F677-6CB8-1C5435D9E0C1}.Release|Any CPU.Build.0 = Release|Any CPU
		{C6A13228-F9FC-A8D9-125D-5719981D7798}.Debug|Any CPU.ActiveCfg = Debug|Any CPU
		{C6A13228-F9FC-A8D9-125D-5719981D7798}.Debug|Any CPU.Build.0 = Debug|Any CPU
		{C6A13228-F9FC-A8D9-125D-5719981D7798}.Release|Any CPU.ActiveCfg = Release|Any CPU
		{C6A13228-F9FC-A8D9-125D-5719981D7798}.Release|Any CPU.Build.0 = Release|Any CPU
		{7CCD5364-6636-C2D9-286E-199EB0471FC6}.Debug|Any CPU.ActiveCfg = Debug|Any CPU
		{7CCD5364-6636-C2D9-286E-199EB0471FC6}.Debug|Any CPU.Build.0 = Debug|Any CPU
		{7CCD5364-6636-C2D9-286E-199EB0471FC6}.Release|Any CPU.ActiveCfg = Release|Any CPU
		{7CCD5364-6636-C2D9-286E-199EB0471FC6}.Release|Any CPU.Build.0 = Release|Any CPU
		{7776C056-4B15-D0D9-37E5-9CAF3F8CA69C}.Debug|Any CPU.ActiveCfg = Debug|Any CPU
		{7776C056-4B15-D0D9-37E5-9CAF3F8CA69C}.Debug|Any CPU.Build.0 = Debug|Any CPU
		{7776C056-4B15-D0D9-37E5-9CAF3F8CA69C}.Release|Any CPU.ActiveCfg = Release|Any CPU
		{7776C056-4B15-D0D9-37E5-9CAF3F8CA69C}.Release|Any CPU.Build.0 = Release|Any CPU
		{CEC919AB-6AD2-14DA-D373-AA1A13AFE296}.Debug|Any CPU.ActiveCfg = Debug|Any CPU
		{CEC919AB-6AD2-14DA-D373-AA1A13AFE296}.Debug|Any CPU.Build.0 = Debug|Any CPU
		{CEC919AB-6AD2-14DA-D373-AA1A13AFE296}.Release|Any CPU.ActiveCfg = Release|Any CPU
		{CEC919AB-6AD2-14DA-D373-AA1A13AFE296}.Release|Any CPU.Build.0 = Release|Any CPU
		{70594FB7-91DD-973E-C51E-376D041B984D}.Debug|Any CPU.ActiveCfg = Debug|Any CPU
		{70594FB7-91DD-973E-C51E-376D041B984D}.Debug|Any CPU.Build.0 = Debug|Any CPU
		{70594FB7-91DD-973E-C51E-376D041B984D}.Release|Any CPU.ActiveCfg = Release|Any CPU
		{70594FB7-91DD-973E-C51E-376D041B984D}.Release|Any CPU.Build.0 = Release|Any CPU
		{A96A8857-D000-542F-078E-7E693026B6DE}.Debug|Any CPU.ActiveCfg = Debug|Any CPU
		{A96A8857-D000-542F-078E-7E693026B6DE}.Debug|Any CPU.Build.0 = Debug|Any CPU
		{A96A8857-D000-542F-078E-7E693026B6DE}.Release|Any CPU.ActiveCfg = Release|Any CPU
		{A96A8857-D000-542F-078E-7E693026B6DE}.Release|Any CPU.Build.0 = Release|Any CPU
		{C600F2C2-066C-2B8E-806E-1F4C3399B3BC}.Debug|Any CPU.ActiveCfg = Debug|Any CPU
		{C600F2C2-066C-2B8E-806E-1F4C3399B3BC}.Debug|Any CPU.Build.0 = Debug|Any CPU
		{C600F2C2-066C-2B8E-806E-1F4C3399B3BC}.Release|Any CPU.ActiveCfg = Release|Any CPU
		{C600F2C2-066C-2B8E-806E-1F4C3399B3BC}.Release|Any CPU.Build.0 = Release|Any CPU
		{594B4DBE-EA6F-4DA8-0FBE-395E9127F829}.Debug|Any CPU.ActiveCfg = Debug|Any CPU
		{594B4DBE-EA6F-4DA8-0FBE-395E9127F829}.Debug|Any CPU.Build.0 = Debug|Any CPU
		{594B4DBE-EA6F-4DA8-0FBE-395E9127F829}.Release|Any CPU.ActiveCfg = Release|Any CPU
		{594B4DBE-EA6F-4DA8-0FBE-395E9127F829}.Release|Any CPU.Build.0 = Release|Any CPU
		{91E88278-5954-346D-9FA2-BCB9A0FCD798}.Debug|Any CPU.ActiveCfg = Debug|Any CPU
		{91E88278-5954-346D-9FA2-BCB9A0FCD798}.Debug|Any CPU.Build.0 = Debug|Any CPU
		{91E88278-5954-346D-9FA2-BCB9A0FCD798}.Release|Any CPU.ActiveCfg = Release|Any CPU
		{91E88278-5954-346D-9FA2-BCB9A0FCD798}.Release|Any CPU.Build.0 = Release|Any CPU
		{FDFD465F-E8FF-F516-5D32-5FD9A4592B88}.Debug|Any CPU.ActiveCfg = Debug|Any CPU
		{FDFD465F-E8FF-F516-5D32-5FD9A4592B88}.Debug|Any CPU.Build.0 = Debug|Any CPU
		{FDFD465F-E8FF-F516-5D32-5FD9A4592B88}.Release|Any CPU.ActiveCfg = Release|Any CPU
		{FDFD465F-E8FF-F516-5D32-5FD9A4592B88}.Release|Any CPU.Build.0 = Release|Any CPU
		{2E46B35A-377C-FE1C-AC95-75224D78231A}.Debug|Any CPU.ActiveCfg = Debug|Any CPU
		{2E46B35A-377C-FE1C-AC95-75224D78231A}.Debug|Any CPU.Build.0 = Debug|Any CPU
		{2E46B35A-377C-FE1C-AC95-75224D78231A}.Release|Any CPU.ActiveCfg = Release|Any CPU
		{2E46B35A-377C-FE1C-AC95-75224D78231A}.Release|Any CPU.Build.0 = Release|Any CPU
		{112D15BF-2424-C500-BE96-6A46F449674A}.Debug|Any CPU.ActiveCfg = Debug|Any CPU
		{112D15BF-2424-C500-BE96-6A46F449674A}.Debug|Any CPU.Build.0 = Debug|Any CPU
		{112D15BF-2424-C500-BE96-6A46F449674A}.Release|Any CPU.ActiveCfg = Release|Any CPU
		{112D15BF-2424-C500-BE96-6A46F449674A}.Release|Any CPU.Build.0 = Release|Any CPU
		{632755CD-3AF7-B3D4-2D36-5FFBFBF11D0B}.Debug|Any CPU.ActiveCfg = Debug|Any CPU
		{632755CD-3AF7-B3D4-2D36-5FFBFBF11D0B}.Debug|Any CPU.Build.0 = Debug|Any CPU
		{632755CD-3AF7-B3D4-2D36-5FFBFBF11D0B}.Release|Any CPU.ActiveCfg = Release|Any CPU
		{632755CD-3AF7-B3D4-2D36-5FFBFBF11D0B}.Release|Any CPU.Build.0 = Release|Any CPU
		{30633F5F-B87E-4A53-6360-5990CB83A446}.Debug|Any CPU.ActiveCfg = Debug|Any CPU
		{30633F5F-B87E-4A53-6360-5990CB83A446}.Debug|Any CPU.Build.0 = Debug|Any CPU
		{30633F5F-B87E-4A53-6360-5990CB83A446}.Release|Any CPU.ActiveCfg = Release|Any CPU
		{30633F5F-B87E-4A53-6360-5990CB83A446}.Release|Any CPU.Build.0 = Release|Any CPU
		{87454ACA-E007-9A8A-0BD7-9D41A04119AB}.Debug|Any CPU.ActiveCfg = Debug|Any CPU
		{87454ACA-E007-9A8A-0BD7-9D41A04119AB}.Debug|Any CPU.Build.0 = Debug|Any CPU
		{87454ACA-E007-9A8A-0BD7-9D41A04119AB}.Release|Any CPU.ActiveCfg = Release|Any CPU
		{87454ACA-E007-9A8A-0BD7-9D41A04119AB}.Release|Any CPU.Build.0 = Release|Any CPU
	EndGlobalSection
	GlobalSection(SolutionProperties) = preSolution
		HideSolutionNode = FALSE
	EndGlobalSection
EndGlobal
